<?xml version="1.0" encoding="utf-8"?>
<Project ToolsVersion="4.0" xmlns="http://schemas.microsoft.com/developer/msbuild/2003">
  <ItemGroup>
    <Filter Include="源文件">
      <UniqueIdentifier>{7dfe6fe7-0d53-4aed-82b7-958c8492636c}</UniqueIdentifier>
    </Filter>
    <Filter Include="头文件">
      <UniqueIdentifier>{93995380-89BD-4b04-88EB-625FBE52EBFB}</UniqueIdentifier>
      <Extensions>h;hh;hpp;hxx;hm;inl;inc;ipp;xsd</Extensions>
    </Filter>
  </ItemGroup>
  <ItemGroup>
    <ClCompile Include="..\..\src\WGameServer\Defs.cpp">
      <Filter>源文件</Filter>
    </ClCompile>
    <ClCompile Include="..\..\src\WGameServer\Fighter.cpp">
      <Filter>源文件</Filter>
    </ClCompile>
    <ClCompile Include="..\..\src\WGameServer\WGameAction.cpp">
      <Filter>源文件</Filter>
    </ClCompile>
    <ClCompile Include="..\..\src\WGameServer\WGameCondition.cpp">
      <Filter>源文件</Filter>
    </ClCompile>
    <ClCompile Include="..\..\src\WGameServer\WGameConnectClient.cpp">
      <Filter>源文件</Filter>
    </ClCompile>
    <ClCompile Include="..\..\src\WGameServer\WGameDungeon.cpp">
      <Filter>源文件</Filter>
    </ClCompile>
    <ClCompile Include="..\..\src\WGameServer\WGamePlayer.cpp">
      <Filter>源文件</Filter>
    </ClCompile>
    <ClCompile Include="..\..\src\WGameServer\WGameServer.cpp">
      <Filter>源文件</Filter>
    </ClCompile>
    <ClCompile Include="..\..\src\WGameServer\WGameService.cpp">
      <Filter>源文件</Filter>
    </ClCompile>
    <ClCompile Include="..\..\src\WGameServer\WGameTask.cpp">
      <Filter>源文件</Filter>
    </ClCompile>
    <ClCompile Include="..\..\src\WGameServer\WGameTaskManager.cpp">
      <Filter>源文件</Filter>
    </ClCompile>
    <ClCompile Include="..\..\src\WGameServer\World.cpp">
      <Filter>源文件</Filter>
    </ClCompile>
    <ClCompile Include="..\..\src\WGameServer\WGameMap.cpp">
      <Filter>源文件</Filter>
    </ClCompile>
    <ClCompile Include="..\..\src\WGameServer\WGameEvent.cpp">
      <Filter>源文件</Filter>
    </ClCompile>
    <ClCompile Include="..\..\src\WGameServer\ECS_Quest.cpp">
      <Filter>源文件</Filter>
    </ClCompile>
    <ClCompile Include="..\..\src\WGameServer\WGameRole.cpp">
      <Filter>源文件</Filter>
    </ClCompile>
    <ClCompile Include="..\..\src\WGameServer\WGameWorld.cpp">
      <Filter>源文件</Filter>
    </ClCompile>
  </ItemGroup>
  <ItemGroup>
    <ClInclude Include="..\..\src\WGameServer\WGameConnectClient.h">
      <Filter>头文件</Filter>
    </ClInclude>
    <ClInclude Include="..\..\src\WGameServer\WGameDungeon.h">
      <Filter>头文件</Filter>
    </ClInclude>
    <ClInclude Include="..\..\src\WGameServer\WGamePlayer.h">
      <Filter>头文件</Filter>
    </ClInclude>
    <ClInclude Include="..\..\src\WGameServer\WGameServer.h">
      <Filter>头文件</Filter>
    </ClInclude>
    <ClInclude Include="..\..\src\WGameServer\WGameService.h">
      <Filter>头文件</Filter>
    </ClInclude>
    <ClInclude Include="..\..\src\WGameServer\WGameTask.h">
      <Filter>头文件</Filter>
    </ClInclude>
    <ClInclude Include="..\..\src\WGameServer\WGameTaskManager.h">
      <Filter>头文件</Filter>
    </ClInclude>
    <ClInclude Include="..\..\src\WGameServer\Defs.h">
      <Filter>头文件</Filter>
    </ClInclude>
    <ClInclude Include="..\..\src\WGameServer\Fighter.h">
      <Filter>头文件</Filter>
    </ClInclude>
    <ClInclude Include="..\..\src\WGameServer\WGameAction.h">
      <Filter>头文件</Filter>
    </ClInclude>
    <ClInclude Include="..\..\src\WGameServer\WGameCondition.h">
      <Filter>头文件</Filter>
    </ClInclude>
    <ClInclude Include="..\..\src\WGameServer\WGameMap.h">
      <Filter>头文件</Filter>
    </ClInclude>
    <ClInclude Include="..\..\src\WGameServer\WGameEvent.h">
      <Filter>头文件</Filter>
    </ClInclude>
    <ClInclude Include="..\..\src\WGameServer\ECS_Quest.h">
      <Filter>头文件</Filter>
    </ClInclude>
    <ClInclude Include="..\..\src\WGameServer\WGameRole.h">
      <Filter>头文件</Filter>
    </ClInclude>
    <ClInclude Include="..\..\src\WGameServer\World.h">
      <Filter>头文件</Filter>
    </ClInclude>
    <ClInclude Include="..\..\src\WGameServer\WGameWorld.h">
      <Filter>头文件</Filter>
    </ClInclude>
  </ItemGroup>
  <ItemGroup>
    <None Include="..\..\src\WGameServer\WGameRoleData.inl">
      <Filter>头文件</Filter>
    </None>
    <None Include="..\..\src\WGameServer\WGameRoleData.inl">
      <Filter>头文件</Filter>
    </None>
  </ItemGroup>
</Project>