<?xml version="1.0" encoding="utf-8"?>
<Project ToolsVersion="4.0" xmlns="http://schemas.microsoft.com/developer/msbuild/2003">
  <ItemGroup>
    <Filter Include="源文件">
      <UniqueIdentifier>{4FC737F1-C7A5-4376-A066-2A32D752A2FF}</UniqueIdentifier>
      <Extensions>cpp;c;cc;cxx;def;odl;idl;hpj;bat;asm;asmx</Extensions>
    </Filter>
    <Filter Include="头文件">
      <UniqueIdentifier>{93995380-89BD-4b04-88EB-625FBE52EBFB}</UniqueIdentifier>
      <Extensions>h;hpp;hxx;hm;inl;inc;xsd</Extensions>
    </Filter>
    <Filter Include="资源文件">
      <UniqueIdentifier>{67DA6AB6-F800-4c08-8B7A-83BB121AAD01}</UniqueIdentifier>
      <Extensions>rc;ico;cur;bmp;dlg;rc2;rct;bin;rgs;gif;jpg;jpeg;jpe;resx;tiff;tif;png;wav;mfcribbon-ms</Extensions>
    </Filter>
  </ItemGroup>
  <ItemGroup>
    <None Include="ReadMe.txt" />
  </ItemGroup>
  <ItemGroup>
    <ClInclude Include="..\..\src\base\UdpServer.h">
      <Filter>头文件</Filter>
    </ClInclude>
    <ClInclude Include="..\..\src\base\ListenServer.h">
      <Filter>头文件</Filter>
    </ClInclude>
    <ClInclude Include="..\..\src\base\ConnectClient.h">
      <Filter>头文件</Filter>
    </ClInclude>
    <ClInclude Include="..\..\src\base\BaseService.h">
      <Filter>头文件</Filter>
    </ClInclude>
    <ClInclude Include="..\..\src\base\Lock.h">
      <Filter>头文件</Filter>
    </ClInclude>
    <ClInclude Include="..\..\src\base\Thread.h">
      <Filter>头文件</Filter>
    </ClInclude>
    <ClInclude Include="..\..\src\base\XMLParser.h">
      <Filter>头文件</Filter>
    </ClInclude>
    <ClInclude Include="..\..\src\base\TaskManager.h">
      <Filter>头文件</Filter>
    </ClInclude>
    <ClInclude Include="..\..\src\base\StringTool.h">
      <Filter>头文件</Filter>
    </ClInclude>
    <ClInclude Include="..\..\src\base\Stream.h">
      <Filter>头文件</Filter>
    </ClInclude>
    <ClInclude Include="..\..\src\base\SockStream.h">
      <Filter>头文件</Filter>
    </ClInclude>
    <ClInclude Include="..\..\src\base\ParamMap.h">
      <Filter>头文件</Filter>
    </ClInclude>
    <ClInclude Include="..\..\src\base\Misc.h">
      <Filter>头文件</Filter>
    </ClInclude>
    <ClInclude Include="..\..\src\base\MD5.h">
      <Filter>头文件</Filter>
    </ClInclude>
    <ClInclude Include="..\..\src\base\HaloMemAlloc.h">
      <Filter>头文件</Filter>
    </ClInclude>
    <ClInclude Include="..\..\src\base\Global.h">
      <Filter>头文件</Filter>
    </ClInclude>
    <ClInclude Include="..\..\src\base\Entry.h">
      <Filter>头文件</Filter>
    </ClInclude>
    <ClInclude Include="..\..\src\base\Eagle_Time.h">
      <Filter>头文件</Filter>
    </ClInclude>
    <ClInclude Include="..\..\src\base\DBConnection.h">
      <Filter>头文件</Filter>
    </ClInclude>
    <ClInclude Include="..\..\src\base\ConstructInPlace.h">
      <Filter>头文件</Filter>
    </ClInclude>
    <ClInclude Include="..\..\src\base\ConnectTask.h">
      <Filter>头文件</Filter>
    </ClInclude>
    <ClInclude Include="..\..\src\base\CmdQueue.h">
      <Filter>头文件</Filter>
    </ClInclude>
    <ClInclude Include="..\..\src\base\Singleton.h">
      <Filter>头文件</Filter>
    </ClInclude>
    <ClInclude Include="..\..\src\base\log4z.h">
      <Filter>头文件</Filter>
    </ClInclude>
    <ClInclude Include="..\..\src\base\Logger.h">
      <Filter>头文件</Filter>
    </ClInclude>
    <ClInclude Include="..\..\src\base\Eagle_Alloc.h">
      <Filter>头文件</Filter>
    </ClInclude>
    <ClInclude Include="..\..\src\base\Noncopyable.h">
      <Filter>头文件</Filter>
    </ClInclude>
    <ClInclude Include="..\..\src\base\MersenneTwister.h">
      <Filter>头文件</Filter>
    </ClInclude>
    <ClInclude Include="..\..\src\base\NullCmd.h">
      <Filter>头文件</Filter>
    </ClInclude>
    <ClInclude Include="..\..\src\base\Sys.h">
      <Filter>头文件</Filter>
    </ClInclude>
    <ClInclude Include="..\..\src\base\ByteBuffer.h">
      <Filter>头文件</Filter>
    </ClInclude>
    <ClInclude Include="..\..\src\base\Streamable.h">
      <Filter>头文件</Filter>
    </ClInclude>
    <ClInclude Include="..\..\src\base\Confile.h">
      <Filter>头文件</Filter>
    </ClInclude>
    <ClInclude Include="..\..\src\base\tinystr.h">
      <Filter>头文件</Filter>
    </ClInclude>
    <ClInclude Include="..\..\src\base\tinyxml.h">
      <Filter>头文件</Filter>
    </ClInclude>
    <ClInclude Include="..\..\src\base\base64.h">
      <Filter>头文件</Filter>
    </ClInclude>
    <ClInclude Include="..\..\src\base\sha1.h">
      <Filter>头文件</Filter>
    </ClInclude>
  </ItemGroup>
  <ItemGroup>
    <ClCompile Include="..\..\src\base\ConnectClient.cpp">
      <Filter>源文件</Filter>
    </ClCompile>
    <ClCompile Include="..\..\src\base\ConnectTask.cpp">
      <Filter>源文件</Filter>
    </ClCompile>
    <ClCompile Include="..\..\src\base\DBConnection.cpp">
      <Filter>源文件</Filter>
    </ClCompile>
    <ClCompile Include="..\..\src\base\Eagle_Alloc.cpp">
      <Filter>源文件</Filter>
    </ClCompile>
    <ClCompile Include="..\..\src\base\Eagle_Time.cpp">
      <Filter>源文件</Filter>
    </ClCompile>
    <ClCompile Include="..\..\src\base\Entry.cpp">
      <Filter>源文件</Filter>
    </ClCompile>
    <ClCompile Include="..\..\src\base\Global.cpp">
      <Filter>源文件</Filter>
    </ClCompile>
    <ClCompile Include="..\..\src\base\HaloMemAlloc.cpp">
      <Filter>源文件</Filter>
    </ClCompile>
    <ClCompile Include="..\..\src\base\ListenServer.cpp">
      <Filter>源文件</Filter>
    </ClCompile>
    <ClCompile Include="..\..\src\base\log4z.cpp">
      <Filter>源文件</Filter>
    </ClCompile>
    <ClCompile Include="..\..\src\base\Logger.cpp">
      <Filter>源文件</Filter>
    </ClCompile>
    <ClCompile Include="..\..\src\base\MD5.cpp">
      <Filter>源文件</Filter>
    </ClCompile>
    <ClCompile Include="..\..\src\base\ParamMap.cpp">
      <Filter>源文件</Filter>
    </ClCompile>
    <ClCompile Include="..\..\src\base\sha1.cpp">
      <Filter>源文件</Filter>
    </ClCompile>
    <ClCompile Include="..\..\src\base\SockStream.cpp">
      <Filter>源文件</Filter>
    </ClCompile>
    <ClCompile Include="..\..\src\base\Stream.cpp">
      <Filter>源文件</Filter>
    </ClCompile>
    <ClCompile Include="..\..\src\base\Streamable.cpp">
      <Filter>源文件</Filter>
    </ClCompile>
    <ClCompile Include="..\..\src\base\StringTool.cpp">
      <Filter>源文件</Filter>
    </ClCompile>
    <ClCompile Include="..\..\src\base\Sys.cpp">
      <Filter>源文件</Filter>
    </ClCompile>
    <ClCompile Include="..\..\src\base\TaskManager.cpp">
      <Filter>源文件</Filter>
    </ClCompile>
    <ClCompile Include="..\..\src\base\Thread.cpp">
      <Filter>源文件</Filter>
    </ClCompile>
    <ClCompile Include="..\..\src\base\tinystr.cpp">
      <Filter>源文件</Filter>
    </ClCompile>
    <ClCompile Include="..\..\src\base\tinyxml.cpp">
      <Filter>源文件</Filter>
    </ClCompile>
    <ClCompile Include="..\..\src\base\tinyxmlerror.cpp">
      <Filter>源文件</Filter>
    </ClCompile>
    <ClCompile Include="..\..\src\base\tinyxmlparser.cpp">
      <Filter>源文件</Filter>
    </ClCompile>
    <ClCompile Include="..\..\src\base\UdpServer.cpp">
      <Filter>源文件</Filter>
    </ClCompile>
    <ClCompile Include="..\..\src\base\XMLParser.cpp">
      <Filter>源文件</Filter>
    </ClCompile>
    <ClCompile Include="..\..\src\base\base64.cpp">
      <Filter>源文件</Filter>
    </ClCompile>
    <ClCompile Include="..\..\src\base\BaseService.cpp">
      <Filter>源文件</Filter>
    </ClCompile>
    <ClCompile Include="..\..\src\base\CmdQueue.cpp">
      <Filter>源文件</Filter>
    </ClCompile>
    <ClCompile Include="..\..\src\base\Confile.cpp">
      <Filter>源文件</Filter>
    </ClCompile>
  </ItemGroup>
</Project>