<?xml version="1.0" encoding="utf-8"?>
<Project ToolsVersion="4.0" xmlns="http://schemas.microsoft.com/developer/msbuild/2003">
  <ItemGroup>
    <Filter Include="源文件">
      <UniqueIdentifier>{4FC737F1-C7A5-4376-A066-2A32D752A2FF}</UniqueIdentifier>
      <Extensions>cpp;c;cc;cxx;def;odl;idl;hpj;bat;asm;asmx</Extensions>
    </Filter>
    <Filter Include="头文件">
      <UniqueIdentifier>{93995380-89BD-4b04-88EB-625FBE52EBFB}</UniqueIdentifier>
      <Extensions>h;hh;hpp;hxx;hm;inl;inc;ipp;xsd</Extensions>
    </Filter>
    <Filter Include="资源文件">
      <UniqueIdentifier>{67DA6AB6-F800-4c08-8B7A-83BB121AAD01}</UniqueIdentifier>
      <Extensions>rc;ico;cur;bmp;dlg;rc2;rct;bin;rgs;gif;jpg;jpeg;jpe;resx;tiff;tif;png;wav;mfcribbon-ms</Extensions>
    </Filter>
    <Filter Include="gen">
      <UniqueIdentifier>{0188b95e-e7a5-456d-828a-e69a93a36fbd}</UniqueIdentifier>
    </Filter>
    <Filter Include="Common">
      <UniqueIdentifier>{7e9c0c14-dc57-42f5-97a6-b714b0aeeb2a}</UniqueIdentifier>
    </Filter>
    <Filter Include="Proto">
      <UniqueIdentifier>{d73d9226-b8f6-4acc-9c0a-7cae2c42a497}</UniqueIdentifier>
    </Filter>
  </ItemGroup>
  <ItemGroup>
    <ClInclude Include="..\..\src\gen\ClientMsg.h">
      <Filter>gen</Filter>
    </ClInclude>
    <ClInclude Include="..\..\src\gen\Design.h">
      <Filter>gen</Filter>
    </ClInclude>
    <ClInclude Include="..\..\src\gen\Struct.h">
      <Filter>gen</Filter>
    </ClInclude>
    <ClInclude Include="..\..\src\Common\Command.h">
      <Filter>Common</Filter>
    </ClInclude>
    <ClInclude Include="..\..\src\Common\CommonType.h">
      <Filter>Common</Filter>
    </ClInclude>
    <ClInclude Include="..\..\src\Common\EagleError.h">
      <Filter>Common</Filter>
    </ClInclude>
    <ClInclude Include="..\..\src\Common\InnerCommand.h">
      <Filter>Common</Filter>
    </ClInclude>
    <ClInclude Include="..\..\src\Common\LogicDataCommand.h">
      <Filter>Common</Filter>
    </ClInclude>
    <ClInclude Include="..\..\src\Common\LogicGateCommand.h">
      <Filter>Common</Filter>
    </ClInclude>
    <ClInclude Include="..\..\src\Common\LogicLoginCommand.h">
      <Filter>Common</Filter>
    </ClInclude>
    <ClInclude Include="..\..\src\Common\LoginServerCommand.h">
      <Filter>Common</Filter>
    </ClInclude>
    <ClInclude Include="..\..\src\Common\PlayerInfo.h">
      <Filter>Common</Filter>
    </ClInclude>
    <ClInclude Include="..\..\src\Common\PTCommand.h">
      <Filter>Common</Filter>
    </ClInclude>
    <ClInclude Include="..\..\src\Common\ServerCommand.h">
      <Filter>Common</Filter>
    </ClInclude>
    <ClInclude Include="..\..\src\Common\WorldCommand.h">
      <Filter>Common</Filter>
    </ClInclude>
    <ClInclude Include="..\..\src\GameShared\LogicDataManager.h">
      <Filter>头文件</Filter>
    </ClInclude>
    <ClInclude Include="..\..\src\GameShared\Map.h">
      <Filter>头文件</Filter>
    </ClInclude>
    <ClInclude Include="..\..\src\GameShared\MMOSkill.h">
      <Filter>头文件</Filter>
    </ClInclude>
    <ClInclude Include="..\..\src\GameShared\SharedEvent.h">
      <Filter>头文件</Filter>
    </ClInclude>
    <ClInclude Include="..\..\src\GameShared\Skill.h">
      <Filter>头文件</Filter>
    </ClInclude>
    <ClInclude Include="..\..\src\GameShared\TransMap.h">
      <Filter>头文件</Filter>
    </ClInclude>
    <ClInclude Include="..\..\src\GameShared\Buff.h">
      <Filter>头文件</Filter>
    </ClInclude>
    <ClInclude Include="..\..\src\GameShared\Character.h">
      <Filter>头文件</Filter>
    </ClInclude>
    <ClInclude Include="..\..\src\GameShared\CommonChange.h">
      <Filter>头文件</Filter>
    </ClInclude>
    <ClInclude Include="..\..\src\GameShared\CommonDrop.h">
      <Filter>头文件</Filter>
    </ClInclude>
    <ClInclude Include="..\..\src\GameShared\Effect.h">
      <Filter>头文件</Filter>
    </ClInclude>
    <ClInclude Include="..\..\src\GameShared\EffectObject.h">
      <Filter>头文件</Filter>
    </ClInclude>
    <ClInclude Include="..\..\src\GameShared\LandmassManager.h">
      <Filter>头文件</Filter>
    </ClInclude>
    <ClInclude Include="..\..\src\GameShared\JsonDataLoad.h">
      <Filter>头文件</Filter>
    </ClInclude>
    <ClInclude Include="..\..\src\GameShared\ikcp.h">
      <Filter>头文件</Filter>
    </ClInclude>
    <ClInclude Include="..\..\src\Common\PlayerDataInfo.h">
      <Filter>Common</Filter>
    </ClInclude>
    <ClInclude Include="..\..\src\GameShared\Counter.h">
      <Filter>头文件</Filter>
    </ClInclude>
    <ClInclude Include="..\..\src\GameShared\Item.h">
      <Filter>头文件</Filter>
    </ClInclude>
    <ClInclude Include="..\..\src\GameShared\SysLogInfo.h">
      <Filter>头文件</Filter>
    </ClInclude>
    <ClInclude Include="..\..\src\Proto\Imp\proto\msg_net.pb.h">
      <Filter>Proto</Filter>
    </ClInclude>
    <ClInclude Include="..\..\src\Proto\Imp\proto\package_net.pb.h">
      <Filter>Proto</Filter>
    </ClInclude>
    <ClInclude Include="..\..\src\Proto\Imp\proto\playerDataSave.pb.h">
      <Filter>Proto</Filter>
    </ClInclude>
    <ClInclude Include="..\..\src\GameShared\ECS_System.h">
      <Filter>头文件</Filter>
    </ClInclude>
    <ClInclude Include="..\..\src\GameShared\ECS.h">
      <Filter>头文件</Filter>
    </ClInclude>
    <ClInclude Include="..\..\src\GameShared\ECS_Bag.h">
      <Filter>头文件</Filter>
    </ClInclude>
    <ClInclude Include="..\..\src\GameShared\ECS_Component.h">
      <Filter>头文件</Filter>
    </ClInclude>
    <ClInclude Include="..\..\src\GameShared\ECS_Entity.h">
      <Filter>头文件</Filter>
    </ClInclude>
    <ClInclude Include="..\..\src\GameShared\ECS_Mail.h">
      <Filter>头文件</Filter>
    </ClInclude>
    <ClInclude Include="..\..\src\GameShared\AIBehaviac.h">
      <Filter>头文件</Filter>
    </ClInclude>
    <ClInclude Include="..\..\src\GameShared\ECS_AIBehaviac.h">
      <Filter>头文件</Filter>
    </ClInclude>
    <ClInclude Include="..\..\src\GameShared\AIBehaviacAction.h">
      <Filter>头文件</Filter>
    </ClInclude>
    <ClInclude Include="..\..\src\GameShared\KcpPlayer.h">
      <Filter>头文件</Filter>
    </ClInclude>
    <ClInclude Include="..\..\src\GameShared\AIBehaviacCondition.h">
      <Filter>头文件</Filter>
    </ClInclude>
    <ClInclude Include="..\..\src\GameShared\GameBaseTask.h">
      <Filter>头文件</Filter>
    </ClInclude>
    <ClInclude Include="..\..\src\GameShared\ECS_FightInfo.h">
      <Filter>头文件</Filter>
    </ClInclude>
    <ClInclude Include="..\..\src\GameShared\ECS_Counter.h">
      <Filter>头文件</Filter>
    </ClInclude>
    <ClInclude Include="..\..\src\GameShared\WorldObject.h">
      <Filter>头文件</Filter>
    </ClInclude>
    <ClInclude Include="..\..\src\GameShared\Grid.h">
      <Filter>头文件</Filter>
    </ClInclude>
    <ClInclude Include="..\..\src\GameShared\RangeCheck.h">
      <Filter>头文件</Filter>
    </ClInclude>
  </ItemGroup>
  <ItemGroup>
    <ClCompile Include="..\..\src\gen\ClientMsg.cpp">
      <Filter>gen</Filter>
    </ClCompile>
    <ClCompile Include="..\..\src\gen\Design.cpp">
      <Filter>gen</Filter>
    </ClCompile>
    <ClCompile Include="..\..\src\gen\Struct.cpp">
      <Filter>gen</Filter>
    </ClCompile>
    <ClCompile Include="..\..\src\GameShared\LogicDataManager.cpp">
      <Filter>源文件</Filter>
    </ClCompile>
    <ClCompile Include="..\..\src\GameShared\Map.cpp">
      <Filter>源文件</Filter>
    </ClCompile>
    <ClCompile Include="..\..\src\GameShared\MMOSkill.cpp">
      <Filter>源文件</Filter>
    </ClCompile>
    <ClCompile Include="..\..\src\GameShared\SharedEvent.cpp">
      <Filter>源文件</Filter>
    </ClCompile>
    <ClCompile Include="..\..\src\GameShared\Skill.cpp">
      <Filter>源文件</Filter>
    </ClCompile>
    <ClCompile Include="..\..\src\GameShared\TransMap.cpp">
      <Filter>源文件</Filter>
    </ClCompile>
    <ClCompile Include="..\..\src\GameShared\Buff.cpp">
      <Filter>源文件</Filter>
    </ClCompile>
    <ClCompile Include="..\..\src\GameShared\Character.cpp">
      <Filter>源文件</Filter>
    </ClCompile>
    <ClCompile Include="..\..\src\GameShared\CommonChange.cpp">
      <Filter>源文件</Filter>
    </ClCompile>
    <ClCompile Include="..\..\src\GameShared\CommonDrop.cpp">
      <Filter>源文件</Filter>
    </ClCompile>
    <ClCompile Include="..\..\src\GameShared\Effect.cpp">
      <Filter>源文件</Filter>
    </ClCompile>
    <ClCompile Include="..\..\src\GameShared\EffectObject.cpp">
      <Filter>源文件</Filter>
    </ClCompile>
    <ClCompile Include="..\..\src\GameShared\LandmassManager.cpp">
      <Filter>源文件</Filter>
    </ClCompile>
    <ClCompile Include="..\..\src\GameShared\JsonDataLoad.cpp">
      <Filter>源文件</Filter>
    </ClCompile>
    <ClCompile Include="..\..\src\GameShared\ikcp.cpp">
      <Filter>源文件</Filter>
    </ClCompile>
    <ClCompile Include="..\..\src\GameShared\Counter.cpp">
      <Filter>源文件</Filter>
    </ClCompile>
    <ClCompile Include="..\..\src\GameShared\Item.cpp">
      <Filter>源文件</Filter>
    </ClCompile>
    <ClCompile Include="..\..\src\Proto\Imp\proto\msg_net.pb.cc">
      <Filter>Proto</Filter>
    </ClCompile>
    <ClCompile Include="..\..\src\Proto\Imp\proto\package_net.pb.cc">
      <Filter>Proto</Filter>
    </ClCompile>
    <ClCompile Include="..\..\src\Proto\Imp\proto\playerDataSave.pb.cc">
      <Filter>Proto</Filter>
    </ClCompile>
    <ClCompile Include="..\..\src\GameShared\ECS_System.cpp">
      <Filter>源文件</Filter>
    </ClCompile>
    <ClCompile Include="..\..\src\GameShared\ECS_Bag.cpp">
      <Filter>源文件</Filter>
    </ClCompile>
    <ClCompile Include="..\..\src\GameShared\ECS_Component.cpp">
      <Filter>源文件</Filter>
    </ClCompile>
    <ClCompile Include="..\..\src\GameShared\ECS_Entity.cpp">
      <Filter>源文件</Filter>
    </ClCompile>
    <ClCompile Include="..\..\src\GameShared\ECS_Mail.cpp">
      <Filter>源文件</Filter>
    </ClCompile>
    <ClCompile Include="..\..\src\GameShared\AIBehaviac.cpp">
      <Filter>源文件</Filter>
    </ClCompile>
    <ClCompile Include="..\..\src\GameShared\ECS_AIBehaviac.cpp">
      <Filter>源文件</Filter>
    </ClCompile>
    <ClCompile Include="..\..\src\GameShared\AIBehaviacAction.cpp">
      <Filter>源文件</Filter>
    </ClCompile>
    <ClCompile Include="..\..\src\GameShared\KcpPlayer.cpp">
      <Filter>源文件</Filter>
    </ClCompile>
    <ClCompile Include="..\..\src\GameShared\AIBehaviacCondition.cpp">
      <Filter>源文件</Filter>
    </ClCompile>
    <ClCompile Include="..\..\src\GameShared\GameBaseTask.cpp">
      <Filter>源文件</Filter>
    </ClCompile>
    <ClCompile Include="..\..\src\GameShared\ECS_FightInfo.cpp">
      <Filter>源文件</Filter>
    </ClCompile>
    <ClCompile Include="..\..\src\GameShared\ECS_Counter.cpp">
      <Filter>源文件</Filter>
    </ClCompile>
    <ClCompile Include="..\..\src\GameShared\WorldObject.cpp">
      <Filter>源文件</Filter>
    </ClCompile>
    <ClCompile Include="..\..\src\GameShared\Grid.cpp">
      <Filter>源文件</Filter>
    </ClCompile>
    <ClCompile Include="..\..\src\GameShared\RangeCheck.cpp">
      <Filter>源文件</Filter>
    </ClCompile>
  </ItemGroup>
  <ItemGroup>
    <None Include="..\..\src\GameShared\AIBehavior.inl">
      <Filter>头文件</Filter>
    </None>
    <None Include="..\..\src\GameShared\PlayerData.inl">
      <Filter>头文件</Filter>
    </None>
  </ItemGroup>
</Project>