<?xml version="1.0" encoding="utf-8"?>
<Project ToolsVersion="4.0" xmlns="http://schemas.microsoft.com/developer/msbuild/2003">
  <ItemGroup>
    <Filter Include="源文件">
      <UniqueIdentifier>{4FC737F1-C7A5-4376-A066-2A32D752A2FF}</UniqueIdentifier>
      <Extensions>cpp;c;cc;cxx;def;odl;idl;hpj;bat;asm;asmx</Extensions>
    </Filter>
    <Filter Include="头文件">
      <UniqueIdentifier>{93995380-89BD-4b04-88EB-625FBE52EBFB}</UniqueIdentifier>
      <Extensions>h;hpp;hxx;hm;inl;inc;xsd</Extensions>
    </Filter>
    <Filter Include="资源文件">
      <UniqueIdentifier>{67DA6AB6-F800-4c08-8B7A-83BB121AAD01}</UniqueIdentifier>
      <Extensions>rc;ico;cur;bmp;dlg;rc2;rct;bin;rgs;gif;jpg;jpeg;jpe;resx;tiff;tif;png;wav;mfcribbon-ms</Extensions>
    </Filter>
  </ItemGroup>
  <ItemGroup>
    <None Include="ReadMe.txt" />
  </ItemGroup>
  <ItemGroup>
    <ClInclude Include="..\..\src\shared\MessageFilter.h">
      <Filter>头文件</Filter>
    </ClInclude>
    <ClInclude Include="..\..\src\shared\ToolsFun.h">
      <Filter>头文件</Filter>
    </ClInclude>
    <ClInclude Include="..\..\src\shared\CObject.h">
      <Filter>头文件</Filter>
    </ClInclude>
    <ClInclude Include="..\..\src\shared\Condition.h">
      <Filter>头文件</Filter>
    </ClInclude>
    <ClInclude Include="..\..\src\shared\Event.h">
      <Filter>头文件</Filter>
    </ClInclude>
    <ClInclude Include="..\..\src\shared\Action.h">
      <Filter>头文件</Filter>
    </ClInclude>
    <ClInclude Include="..\..\src\shared\DataManager.h">
      <Filter>头文件</Filter>
    </ClInclude>
    <ClInclude Include="..\..\src\shared\parameters.h">
      <Filter>头文件</Filter>
    </ClInclude>
    <ClInclude Include="..\..\src\shared\Random.h">
      <Filter>头文件</Filter>
    </ClInclude>
    <ClInclude Include="..\..\src\shared\ServerTask.h">
      <Filter>头文件</Filter>
    </ClInclude>
    <ClInclude Include="..\..\src\shared\ClientTask.h">
      <Filter>头文件</Filter>
    </ClInclude>
    <ClInclude Include="..\..\src\shared\ImpService.h">
      <Filter>头文件</Filter>
    </ClInclude>
    <ClInclude Include="..\..\src\shared\ServerConnect.h">
      <Filter>头文件</Filter>
    </ClInclude>
    <ClInclude Include="..\..\src\shared\TimeTick.h">
      <Filter>头文件</Filter>
    </ClInclude>
    <ClInclude Include="..\..\src\shared\ServerTaskManager.h">
      <Filter>头文件</Filter>
    </ClInclude>
    <ClInclude Include="..\..\src\shared\ClientTaskManager.h">
      <Filter>头文件</Filter>
    </ClInclude>
    <ClInclude Include="..\..\src\shared\Unit.h">
      <Filter>头文件</Filter>
    </ClInclude>
    <ClInclude Include="..\..\src\shared\EaglePos.h">
      <Filter>头文件</Filter>
    </ClInclude>
  </ItemGroup>
  <ItemGroup>
    <ClCompile Include="..\..\src\shared\Unit.cpp">
      <Filter>源文件</Filter>
    </ClCompile>
    <ClCompile Include="..\..\src\shared\CObject.cpp">
      <Filter>源文件</Filter>
    </ClCompile>
    <ClCompile Include="..\..\src\shared\ToolsFun.cpp">
      <Filter>源文件</Filter>
    </ClCompile>
    <ClCompile Include="..\..\src\shared\EaglePos.cpp">
      <Filter>源文件</Filter>
    </ClCompile>
    <ClCompile Include="..\..\src\shared\ServerConnect.cpp">
      <Filter>源文件</Filter>
    </ClCompile>
    <ClCompile Include="..\..\src\shared\TimeTick.cpp">
      <Filter>源文件</Filter>
    </ClCompile>
    <ClCompile Include="..\..\src\shared\ClientTaskManager.cpp">
      <Filter>源文件</Filter>
    </ClCompile>
    <ClCompile Include="..\..\src\shared\parameters.cpp">
      <Filter>源文件</Filter>
    </ClCompile>
    <ClCompile Include="..\..\src\shared\MessageFilter.cpp">
      <Filter>源文件</Filter>
    </ClCompile>
    <ClCompile Include="..\..\src\shared\ImpService.cpp">
      <Filter>源文件</Filter>
    </ClCompile>
    <ClCompile Include="..\..\src\shared\ServerTask.cpp">
      <Filter>源文件</Filter>
    </ClCompile>
    <ClCompile Include="..\..\src\shared\ServerTaskManager.cpp">
      <Filter>源文件</Filter>
    </ClCompile>
    <ClCompile Include="..\..\src\shared\ClientTask.cpp">
      <Filter>源文件</Filter>
    </ClCompile>
    <ClCompile Include="..\..\src\shared\Event.cpp">
      <Filter>源文件</Filter>
    </ClCompile>
    <ClCompile Include="..\..\src\shared\Condition.cpp">
      <Filter>源文件</Filter>
    </ClCompile>
    <ClCompile Include="..\..\src\shared\Action.cpp">
      <Filter>源文件</Filter>
    </ClCompile>
  </ItemGroup>
</Project>